
Microsoft Visual Studio Solution File, Format Version 12.00
# Visual Studio Version 17
VisualStudioVersion = 17.3.32929.385
MinimumVisualStudioVersion = 10.0.40219.1
Project("{FAE04EC0-301F-11D3-BF4B-00C04F79EFBC}") = "telegram bot dom ria", "telegram bot dom ria\telegram bot dom ria.csproj", "{E1915A48-F463-4A71-A37D-956357DBDFC5}"
EndProject
Global
	GlobalSection(SolutionConfigurationPlatforms) = preSolution
		Debug|Any CPU = Debug|Any CPU
		Release|Any CPU = Release|Any CPU
	EndGlobalSection
	GlobalSection(ProjectConfigurationPlatforms) = postSolution
		{E1915A48-F463-4A71-A37D-956357DBDFC5}.Debug|Any CPU.ActiveCfg = Debug|Any CPU
		{E1915A48-F463-4A71-A37D-956357DBDFC5}.Debug|Any CPU.Build.0 = Debug|Any CPU
		{E1915A48-F463-4A71-A37D-956357DBDFC5}.Release|Any CPU.ActiveCfg = Release|Any CPU
		{E1915A48-F463-4A71-A37D-956357DBDFC5}.Release|Any CPU.Build.0 = Release|Any CPU
	EndGlobalSection
	GlobalSection(SolutionProperties) = preSolution
		HideSolutionNode = FALSE
	EndGlobalSection
	GlobalSection(ExtensibilityGlobals) = postSolution
		SolutionGuid = {A056F81D-A500-4E68-ABD5-7E6463B17ADC}
	EndGlobalSection
EndGlobal
